
Microsoft Visual Studio Solution File, Format Version 12.00
# Visual Studio Version 17
VisualStudioVersion = 17.13.35913.81
MinimumVisualStudioVersion = 10.0.40219.1
Project("{FAE04EC0-301F-11D3-BF4B-00C04F79EFBC}") = "ExampleAPI", "ExampleAPI\ExampleAPI.csproj", "{DC15D82E-A8E3-401C-A636-964F5E7CB451}"
	ProjectSection(ProjectDependencies) = postProject
		{616581F2-556D-483A-9B87-3DC2BA79E6C6} = {616581F2-556D-483A-9B87-3DC2BA79E6C6}
		{CC23490E-A624-45F3-816B-D6DB0B100798} = {CC23490E-A624-45F3-816B-D6DB0B100798}
	EndProjectSection
EndProject
Project("{FAE04EC0-301F-11D3-BF4B-00C04F79EFBC}") = "Business", "Business\Business.csproj", "{CC23490E-A624-45F3-816B-D6DB0B100798}"
	ProjectSection(ProjectDependencies) = postProject
		{616581F2-556D-483A-9B87-3DC2BA79E6C6} = {616581F2-556D-483A-9B87-3DC2BA79E6C6}
	EndProjectSection
EndProject
Project("{FAE04EC0-301F-11D3-BF4B-00C04F79EFBC}") = "DataAccess", "DataAccess\DataAccess.csproj", "{616581F2-556D-483A-9B87-3DC2BA79E6C6}"
EndProject
Global
	GlobalSection(SolutionConfigurationPlatforms) = preSolution
		Debug|Any CPU = Debug|Any CPU
		Release|Any CPU = Release|Any CPU
	EndGlobalSection
	GlobalSection(ProjectConfigurationPlatforms) = postSolution
		{DC15D82E-A8E3-401C-A636-964F5E7CB451}.Debug|Any CPU.ActiveCfg = Debug|Any CPU
		{DC15D82E-A8E3-401C-A636-964F5E7CB451}.Debug|Any CPU.Build.0 = Debug|Any CPU
		{DC15D82E-A8E3-401C-A636-964F5E7CB451}.Release|Any CPU.ActiveCfg = Release|Any CPU
		{DC15D82E-A8E3-401C-A636-964F5E7CB451}.Release|Any CPU.Build.0 = Release|Any CPU
		{CC23490E-A624-45F3-816B-D6DB0B100798}.Debug|Any CPU.ActiveCfg = Debug|Any CPU
		{CC23490E-A624-45F3-816B-D6DB0B100798}.Debug|Any CPU.Build.0 = Debug|Any CPU
		{CC23490E-A624-45F3-816B-D6DB0B100798}.Release|Any CPU.ActiveCfg = Release|Any CPU
		{CC23490E-A624-45F3-816B-D6DB0B100798}.Release|Any CPU.Build.0 = Release|Any CPU
		{616581F2-556D-483A-9B87-3DC2BA79E6C6}.Debug|Any CPU.ActiveCfg = Debug|Any CPU
		{616581F2-556D-483A-9B87-3DC2BA79E6C6}.Debug|Any CPU.Build.0 = Debug|Any CPU
		{616581F2-556D-483A-9B87-3DC2BA79E6C6}.Release|Any CPU.ActiveCfg = Release|Any CPU
		{616581F2-556D-483A-9B87-3DC2BA79E6C6}.Release|Any CPU.Build.0 = Release|Any CPU
	EndGlobalSection
	GlobalSection(SolutionProperties) = preSolution
		HideSolutionNode = FALSE
	EndGlobalSection
	GlobalSection(ExtensibilityGlobals) = postSolution
		SolutionGuid = {CAE357F7-6300-439C-9943-7BE74D746873}
	EndGlobalSection
EndGlobal
